
Microsoft Visual Studio Solution File, Format Version 12.00
# Visual Studio Version 17
VisualStudioVersion = 17.3.32929.385
MinimumVisualStudioVersion = 10.0.40219.1
Project("{FAE04EC0-301F-11D3-BF4B-00C04F79EFBC}") = "TASKK C", "TASKK C\TASKK C.csproj", "{1200E3DA-0B46-4AE7-90FC-A8882F95A649}"
EndProject
Global
	GlobalSection(SolutionConfigurationPlatforms) = preSolution
		Debug|Any CPU = Debug|Any CPU
		Release|Any CPU = Release|Any CPU
	EndGlobalSection
	GlobalSection(ProjectConfigurationPlatforms) = postSolution
		{1200E3DA-0B46-4AE7-90FC-A8882F95A649}.Debug|Any CPU.ActiveCfg = Debug|Any CPU
		{1200E3DA-0B46-4AE7-90FC-A8882F95A649}.Debug|Any CPU.Build.0 = Debug|Any CPU
		{1200E3DA-0B46-4AE7-90FC-A8882F95A649}.Release|Any CPU.ActiveCfg = Release|Any CPU
		{1200E3DA-0B46-4AE7-90FC-A8882F95A649}.Release|Any CPU.Build.0 = Release|Any CPU
	EndGlobalSection
	GlobalSection(SolutionProperties) = preSolution
		HideSolutionNode = FALSE
	EndGlobalSection
	GlobalSection(ExtensibilityGlobals) = postSolution
		SolutionGuid = {33F60328-6A09-4E3A-992C-1D74F176497E}
	EndGlobalSection
EndGlobal
